
Microsoft Visual Studio Solution File, Format Version 12.00
# Visual Studio Version 16
VisualStudioVersion = 16.0.32802.440
MinimumVisualStudioVersion = 10.0.40219.1
Project("{FAE04EC0-301F-11D3-BF4B-00C04F79EFBC}") = "EmbeddedPaymentForm", "EmbeddedPaymentForm\EmbeddedPaymentForm.csproj", "{969E8986-7E4B-4406-960A-E647C650A0E7}"
EndProject
Global
	GlobalSection(SolutionConfigurationPlatforms) = preSolution
		Debug|Any CPU = Debug|Any CPU
		Release|Any CPU = Release|Any CPU
	EndGlobalSection
	GlobalSection(ProjectConfigurationPlatforms) = postSolution
		{969E8986-7E4B-4406-960A-E647C650A0E7}.Debug|Any CPU.ActiveCfg = Debug|Any CPU
		{969E8986-7E4B-4406-960A-E647C650A0E7}.Debug|Any CPU.Build.0 = Debug|Any CPU
		{969E8986-7E4B-4406-960A-E647C650A0E7}.Release|Any CPU.ActiveCfg = Release|Any CPU
		{969E8986-7E4B-4406-960A-E647C650A0E7}.Release|Any CPU.Build.0 = Release|Any CPU
	EndGlobalSection
	GlobalSection(SolutionProperties) = preSolution
		HideSolutionNode = FALSE
	EndGlobalSection
	GlobalSection(ExtensibilityGlobals) = postSolution
		SolutionGuid = {54B5EBB9-11EE-4FBE-B110-47E870D41B67}
	EndGlobalSection
EndGlobal
